
Microsoft Visual Studio Solution File, Format Version 12.00
# Visual Studio Version 16
VisualStudioVersion = 16.0.32802.440
MinimumVisualStudioVersion = 10.0.40219.1
Project("{FAE04EC0-301F-11D3-BF4B-00C04F79EFBC}") = "UAConsole_Read", "UAConsole_Read\UAConsole_Read.csproj", "{6EA8D05E-79A6-499A-9550-7D1E98B899FC}"
EndProject
Global
	GlobalSection(SolutionConfigurationPlatforms) = preSolution
		Debug|Any CPU = Debug|Any CPU
		Release|Any CPU = Release|Any CPU
	EndGlobalSection
	GlobalSection(ProjectConfigurationPlatforms) = postSolution
		{6EA8D05E-79A6-499A-9550-7D1E98B899FC}.Debug|Any CPU.ActiveCfg = Debug|Any CPU
		{6EA8D05E-79A6-499A-9550-7D1E98B899FC}.Debug|Any CPU.Build.0 = Debug|Any CPU
		{6EA8D05E-79A6-499A-9550-7D1E98B899FC}.Release|Any CPU.ActiveCfg = Release|Any CPU
		{6EA8D05E-79A6-499A-9550-7D1E98B899FC}.Release|Any CPU.Build.0 = Release|Any CPU
	EndGlobalSection
	GlobalSection(SolutionProperties) = preSolution
		HideSolutionNode = FALSE
	EndGlobalSection
	GlobalSection(ExtensibilityGlobals) = postSolution
		SolutionGuid = {E32D5CCF-F5E3-4E68-BF76-1236D3C9AEF7}
	EndGlobalSection
EndGlobal
